
Microsoft Visual Studio Solution File, Format Version 12.00
# Visual Studio Version 17
VisualStudioVersion = 17.8.34309.116
MinimumVisualStudioVersion = 10.0.40219.1
Project("{FAE04EC0-301F-11D3-BF4B-00C04F79EFBC}") = "ExternalSorting", "ExternalSorting\ExternalSorting.csproj", "{622FA266-BA50-4EDA-B36F-6A7F9D2DA3C1}"
EndProject
Project("{FAE04EC0-301F-11D3-BF4B-00C04F79EFBC}") = "ExternalSorting.Tests", "ExternalSorting.Tests\ExternalSorting.Tests.csproj", "{911DA37C-0549-425F-B57D-27EEC3830965}"
EndProject
Global
	GlobalSection(SolutionConfigurationPlatforms) = preSolution
		Debug|Any CPU = Debug|Any CPU
		Release|Any CPU = Release|Any CPU
	EndGlobalSection
	GlobalSection(ProjectConfigurationPlatforms) = postSolution
		{622FA266-BA50-4EDA-B36F-6A7F9D2DA3C1}.Debug|Any CPU.ActiveCfg = Debug|Any CPU
		{622FA266-BA50-4EDA-B36F-6A7F9D2DA3C1}.Debug|Any CPU.Build.0 = Debug|Any CPU
		{622FA266-BA50-4EDA-B36F-6A7F9D2DA3C1}.Release|Any CPU.ActiveCfg = Release|Any CPU
		{622FA266-BA50-4EDA-B36F-6A7F9D2DA3C1}.Release|Any CPU.Build.0 = Release|Any CPU
		{911DA37C-0549-425F-B57D-27EEC3830965}.Debug|Any CPU.ActiveCfg = Debug|Any CPU
		{911DA37C-0549-425F-B57D-27EEC3830965}.Debug|Any CPU.Build.0 = Debug|Any CPU
		{911DA37C-0549-425F-B57D-27EEC3830965}.Release|Any CPU.ActiveCfg = Release|Any CPU
		{911DA37C-0549-425F-B57D-27EEC3830965}.Release|Any CPU.Build.0 = Release|Any CPU
	EndGlobalSection
	GlobalSection(SolutionProperties) = preSolution
		HideSolutionNode = FALSE
	EndGlobalSection
	GlobalSection(ExtensibilityGlobals) = postSolution
		SolutionGuid = {80F27F0B-1A98-4E40-B760-5FD69C509B14}
	EndGlobalSection
EndGlobal
